{
  "name": "taraskevize",
  "version": "1.0.0",
  "lockfileVersion": 3,
  "requires": true,
  "packages": {
    "": {
      "name": "taraskevize",
      "license": "MIT",
      "dependencies": {
        "taraskevizer": "10.4.24"
      }
    },
    "node_modules/taraskevizer": {
      "version": "10.4.24",
      "resolved": "https://registry.npmjs.org/taraskevizer/-/taraskevizer-10.4.24.tgz",
      "integrity": "sha512-TnEwLEpLqCFmVOuRGh1xO3OvzjsovE/PkrNcrMIL2Kzh0lywoA7b/FUW+Buomelq/PMzoFfzu1FcagePu2jw7w==",
      "license": "MIT",
      "bin": {
        "tarask": "dist/bin/index.js"
      }
    }
  }
}
